
Microsoft Visual Studio Solution File, Format Version 12.00
# Visual Studio Version 16
VisualStudioVersion = 16.0.32929.386
MinimumVisualStudioVersion = 10.0.40219.1
Project("{FAE04EC0-301F-11D3-BF4B-00C04F79EFBC}") = "TakeHomeExam_VanMuysenMichiel", "TakeHomeExam_VanMuysenMichiel\TakeHomeExam_VanMuysenMichiel.csproj", "{FB3BCA81-3934-422A-8AF2-65B67C57A14C}"
EndProject
Global
	GlobalSection(SolutionConfigurationPlatforms) = preSolution
		Debug|Any CPU = Debug|Any CPU
		Release|Any CPU = Release|Any CPU
	EndGlobalSection
	GlobalSection(ProjectConfigurationPlatforms) = postSolution
		{FB3BCA81-3934-422A-8AF2-65B67C57A14C}.Debug|Any CPU.ActiveCfg = Debug|Any CPU
		{FB3BCA81-3934-422A-8AF2-65B67C57A14C}.Debug|Any CPU.Build.0 = Debug|Any CPU
		{FB3BCA81-3934-422A-8AF2-65B67C57A14C}.Release|Any CPU.ActiveCfg = Release|Any CPU
		{FB3BCA81-3934-422A-8AF2-65B67C57A14C}.Release|Any CPU.Build.0 = Release|Any CPU
	EndGlobalSection
	GlobalSection(SolutionProperties) = preSolution
		HideSolutionNode = FALSE
	EndGlobalSection
	GlobalSection(ExtensibilityGlobals) = postSolution
		SolutionGuid = {6DBE4893-39E2-42AC-8689-28A20014DFAE}
	EndGlobalSection
EndGlobal
